
Microsoft Visual Studio Solution File, Format Version 12.00
# Visual Studio 15
VisualStudioVersion = 15.0.28307.489
MinimumVisualStudioVersion = 10.0.40219.1
Project("{FAE04EC0-301F-11D3-BF4B-00C04F79EFBC}") = "WebService_Hora", "WebService_Hora\WebService_Hora.csproj", "{DA104210-D182-4E3B-B13E-2AA35743A47A}"
EndProject
Project("{FAE04EC0-301F-11D3-BF4B-00C04F79EFBC}") = "MostrarHora", "MostrarHora\MostrarHora.csproj", "{43608A05-FA97-48F8-984A-C7B2136DA8E7}"
	ProjectSection(ProjectDependencies) = postProject
		{DA104210-D182-4E3B-B13E-2AA35743A47A} = {DA104210-D182-4E3B-B13E-2AA35743A47A}
	EndProjectSection
EndProject
Global
	GlobalSection(SolutionConfigurationPlatforms) = preSolution
		Debug|Any CPU = Debug|Any CPU
		Release|Any CPU = Release|Any CPU
	EndGlobalSection
	GlobalSection(ProjectConfigurationPlatforms) = postSolution
		{DA104210-D182-4E3B-B13E-2AA35743A47A}.Debug|Any CPU.ActiveCfg = Debug|Any CPU
		{DA104210-D182-4E3B-B13E-2AA35743A47A}.Debug|Any CPU.Build.0 = Debug|Any CPU
		{DA104210-D182-4E3B-B13E-2AA35743A47A}.Release|Any CPU.ActiveCfg = Release|Any CPU
		{DA104210-D182-4E3B-B13E-2AA35743A47A}.Release|Any CPU.Build.0 = Release|Any CPU
		{43608A05-FA97-48F8-984A-C7B2136DA8E7}.Debug|Any CPU.ActiveCfg = Debug|Any CPU
		{43608A05-FA97-48F8-984A-C7B2136DA8E7}.Debug|Any CPU.Build.0 = Debug|Any CPU
		{43608A05-FA97-48F8-984A-C7B2136DA8E7}.Release|Any CPU.ActiveCfg = Release|Any CPU
		{43608A05-FA97-48F8-984A-C7B2136DA8E7}.Release|Any CPU.Build.0 = Release|Any CPU
	EndGlobalSection
	GlobalSection(SolutionProperties) = preSolution
		HideSolutionNode = FALSE
	EndGlobalSection
	GlobalSection(ExtensibilityGlobals) = postSolution
		SolutionGuid = {6F168D54-325E-4CC3-A940-0172EF3E9DF8}
	EndGlobalSection
EndGlobal
